// !$*UTF8*$!
{
	archiveVersion = 1;
	classes = {
	};
	objectVersion = 56;
	objects = {

/* Begin PBXBuildFile section */
		5A69C5AC29746716005E5F09 /* CitySightsApp.swift in Sources */ = {isa = PBXBuildFile; fileRef = 5A69C5AB29746716005E5F09 /* CitySightsApp.swift */; };
		5A69C5AE29746716005E5F09 /* LaunchView.swift in Sources */ = {isa = PBXBuildFile; fileRef = 5A69C5AD29746716005E5F09 /* LaunchView.swift */; };
		5A69C5B029746718005E5F09 /* Assets.xcassets in Resources */ = {isa = PBXBuildFile; fileRef = 5A69C5AF29746718005E5F09 /* Assets.xcassets */; };
		5A69C5B429746718005E5F09 /* Preview Assets.xcassets in Resources */ = {isa = PBXBuildFile; fileRef = 5A69C5B329746718005E5F09 /* Preview Assets.xcassets */; };
		5A69C5BE2974680E005E5F09 /* BusinessModel.swift in Sources */ = {isa = PBXBuildFile; fileRef = 5A69C5BD2974680E005E5F09 /* BusinessModel.swift */; };
		5A69C5C02974681B005E5F09 /* ViewModel.swift in Sources */ = {isa = PBXBuildFile; fileRef = 5A69C5BF2974681B005E5F09 /* ViewModel.swift */; };
		5A69C5C32974A08D005E5F09 /* BusinessSearch.swift in Sources */ = {isa = PBXBuildFile; fileRef = 5A69C5C22974A08D005E5F09 /* BusinessSearch.swift */; };
		5A69C5C72975B4E1005E5F09 /* Constants.swift in Sources */ = {isa = PBXBuildFile; fileRef = 5A69C5C62975B4E1005E5F09 /* Constants.swift */; };
/* End PBXBuildFile section */

/* Begin PBXFileReference section */
		5A69C5A829746716005E5F09 /* CitySightsApp.app */ = {isa = PBXFileReference; explicitFileType = wrapper.application; includeInIndex = 0; path = CitySightsApp.app; sourceTree = BUILT_PRODUCTS_DIR; };
		5A69C5AB29746716005E5F09 /* CitySightsApp.swift */ = {isa = PBXFileReference; lastKnownFileType = sourcecode.swift; path = CitySightsApp.swift; sourceTree = "<group>"; };
		5A69C5AD29746716005E5F09 /* LaunchView.swift */ = {isa = PBXFileReference; lastKnownFileType = sourcecode.swift; path = LaunchView.swift; sourceTree = "<group>"; };
		5A69C5AF29746718005E5F09 /* Assets.xcassets */ = {isa = PBXFileReference; lastKnownFileType = folder.assetcatalog; path = Assets.xcassets; sourceTree = "<group>"; };
		5A69C5B129746718005E5F09 /* CitySightsApp.entitlements */ = {isa = PBXFileReference; lastKnownFileType = text.plist.entitlements; path = CitySightsApp.entitlements; sourceTree = "<group>"; };
		5A69C5B329746718005E5F09 /* Preview Assets.xcassets */ = {isa = PBXFileReference; lastKnownFileType = folder.assetcatalog; path = "Preview Assets.xcassets"; sourceTree = "<group>"; };
		5A69C5BD2974680E005E5F09 /* BusinessModel.swift */ = {isa = PBXFileReference; lastKnownFileType = sourcecode.swift; path = BusinessModel.swift; sourceTree = "<group>"; };
		5A69C5BF2974681B005E5F09 /* ViewModel.swift */ = {isa = PBXFileReference; lastKnownFileType = sourcecode.swift; path = ViewModel.swift; sourceTree = "<group>"; };
		5A69C5C129746B06005E5F09 /* Info.plist */ = {isa = PBXFileReference; lastKnownFileType = text.plist; path = Info.plist; sourceTree = "<group>"; };
		5A69C5C22974A08D005E5F09 /* BusinessSearch.swift */ = {isa = PBXFileReference; lastKnownFileType = sourcecode.swift; path = BusinessSearch.swift; sourceTree = "<group>"; };
		5A69C5C62975B4E1005E5F09 /* Constants.swift */ = {isa = PBXFileReference; lastKnownFileType = sourcecode.swift; path = Constants.swift; sourceTree = "<group>"; };
/* End PBXFileReference section */

/* Begin PBXFrameworksBuildPhase section */
		5A69C5A529746716005E5F09 /* Frameworks */ = {
			isa = PBXFrameworksBuildPhase;
			buildActionMask = 2147483647;
			files = (
			);
			runOnlyForDeploymentPostprocessing = 0;
		};
/* End PBXFrameworksBuildPhase section */

/* Begin PBXGroup section */
		5A69C59F29746716005E5F09 = {
			isa = PBXGroup;
			children = (
				5A69C5AA29746716005E5F09 /* CitySightsApp */,
				5A69C5A929746716005E5F09 /* Products */,
			);
			sourceTree = "<group>";
		};
		5A69C5A929746716005E5F09 /* Products */ = {
			isa = PBXGroup;
			children = (
				5A69C5A829746716005E5F09 /* CitySightsApp.app */,
			);
			name = Products;
			sourceTree = "<group>";
		};
		5A69C5AA29746716005E5F09 /* CitySightsApp */ = {
			isa = PBXGroup;
			children = (
				5A69C5C129746B06005E5F09 /* Info.plist */,
				5A69C5AB29746716005E5F09 /* CitySightsApp.swift */,
				5A69C5BB2974678C005E5F09 /* Views */,
				5A69C5BC29746794005E5F09 /* ViewModels */,
				5A69C5BA29746785005E5F09 /* Models */,
				5A69C5C52975B4D0005E5F09 /* Helpers */,
				5A69C5AF29746718005E5F09 /* Assets.xcassets */,
				5A69C5B129746718005E5F09 /* CitySightsApp.entitlements */,
				5A69C5B229746718005E5F09 /* Preview Content */,
			);
			path = CitySightsApp;
			sourceTree = "<group>";
		};
		5A69C5B229746718005E5F09 /* Preview Content */ = {
			isa = PBXGroup;
			children = (
				5A69C5B329746718005E5F09 /* Preview Assets.xcassets */,
			);
			path = "Preview Content";
			sourceTree = "<group>";
		};
		5A69C5BA29746785005E5F09 /* Models */ = {
			isa = PBXGroup;
			children = (
				5A69C5BD2974680E005E5F09 /* BusinessModel.swift */,
				5A69C5C22974A08D005E5F09 /* BusinessSearch.swift */,
			);
			path = Models;
			sourceTree = "<group>";
		};
		5A69C5BB2974678C005E5F09 /* Views */ = {
			isa = PBXGroup;
			children = (
				5A69C5AD29746716005E5F09 /* LaunchView.swift */,
			);
			path = Views;
			sourceTree = "<group>";
		};
		5A69C5BC29746794005E5F09 /* ViewModels */ = {
			isa = PBXGroup;
			children = (
				5A69C5BF2974681B005E5F09 /* ViewModel.swift */,
			);
			path = ViewModels;
			sourceTree = "<group>";
		};
		5A69C5C52975B4D0005E5F09 /* Helpers */ = {
			isa = PBXGroup;
			children = (
				5A69C5C62975B4E1005E5F09 /* Constants.swift */,
			);
			path = Helpers;
			sourceTree = "<group>";
		};
/* End PBXGroup section */

/* Begin PBXNativeTarget section */
		5A69C5A729746716005E5F09 /* CitySightsApp */ = {
			isa = PBXNativeTarget;
			buildConfigurationList = 5A69C5B729746718005E5F09 /* Build configuration list for PBXNativeTarget "CitySightsApp" */;
			buildPhases = (
				5A69C5A429746716005E5F09 /* Sources */,
				5A69C5A529746716005E5F09 /* Frameworks */,
				5A69C5A629746716005E5F09 /* Resources */,
			);
			buildRules = (
			);
			dependencies = (
			);
			name = CitySightsApp;
			productName = CitySightsApp;
			productReference = 5A69C5A829746716005E5F09 /* CitySightsApp.app */;
			productType = "com.apple.product-type.application";
		};
/* End PBXNativeTarget section */

/* Begin PBXProject section */
		5A69C5A029746716005E5F09 /* Project object */ = {
			isa = PBXProject;
			attributes = {
				BuildIndependentTargetsInParallel = 1;
				LastSwiftUpdateCheck = 1420;
				LastUpgradeCheck = 1420;
				TargetAttributes = {
					5A69C5A729746716005E5F09 = {
						CreatedOnToolsVersion = 14.2;
					};
				};
			};
			buildConfigurationList = 5A69C5A329746716005E5F09 /* Build configuration list for PBXProject "CitySightsApp" */;
			compatibilityVersion = "Xcode 14.0";
			developmentRegion = en;
			hasScannedForEncodings = 0;
			knownRegions = (
				en,
				Base,
			);
			mainGroup = 5A69C59F29746716005E5F09;
			productRefGroup = 5A69C5A929746716005E5F09 /* Products */;
			projectDirPath = "";
			projectRoot = "";
			targets = (
				5A69C5A729746716005E5F09 /* CitySightsApp */,
			);
		};
/* End PBXProject section */

/* Begin PBXResourcesBuildPhase section */
		5A69C5A629746716005E5F09 /* Resources */ = {
			isa = PBXResourcesBuildPhase;
			buildActionMask = 2147483647;
			files = (
				5A69C5B429746718005E5F09 /* Preview Assets.xcassets in Resources */,
				5A69C5B029746718005E5F09 /* Assets.xcassets in Resources */,
			);
			runOnlyForDeploymentPostprocessing = 0;
		};
/* End PBXResourcesBuildPhase section */

/* Begin PBXSourcesBuildPhase section */
		5A69C5A429746716005E5F09 /* Sources */ = {
			isa = PBXSourcesBuildPhase;
			buildActionMask = 2147483647;
			files = (
				5A69C5BE2974680E005E5F09 /* BusinessModel.swift in Sources */,
				5A69C5AE29746716005E5F09 /* LaunchView.swift in Sources */,
				5A69C5C02974681B005E5F09 /* ViewModel.swift in Sources */,
				5A69C5C32974A08D005E5F09 /* BusinessSearch.swift in Sources */,
				5A69C5AC29746716005E5F09 /* CitySightsApp.swift in Sources */,
				5A69C5C72975B4E1005E5F09 /* Constants.swift in Sources */,
			);
			runOnlyForDeploymentPostprocessing = 0;
		};
/* End PBXSourcesBuildPhase section */

/* Begin XCBuildConfiguration section */
		5A69C5B529746718005E5F09 /* Debug */ = {
			isa = XCBuildConfiguration;
			buildSettings = {
				ALWAYS_SEARCH_USER_PATHS = NO;
				CLANG_ANALYZER_NONNULL = YES;
				CLANG_ANALYZER_NUMBER_OBJECT_CONVERSION = YES_AGGRESSIVE;
				CLANG_CXX_LANGUAGE_STANDARD = "gnu++20";
				CLANG_ENABLE_MODULES = YES;
				CLANG_ENABLE_OBJC_ARC = YES;
				CLANG_ENABLE_OBJC_WEAK = YES;
				CLANG_WARN_BLOCK_CAPTURE_AUTORELEASING = YES;
				CLANG_WARN_BOOL_CONVERSION = YES;
				CLANG_WARN_COMMA = YES;
				CLANG_WARN_CONSTANT_CONVERSION = YES;
				CLANG_WARN_DEPRECATED_OBJC_IMPLEMENTATIONS = YES;
				CLANG_WARN_DIRECT_OBJC_ISA_USAGE = YES_ERROR;
				CLANG_WARN_DOCUMENTATION_COMMENTS = YES;
				CLANG_WARN_EMPTY_BODY = YES;
				CLANG_WARN_ENUM_CONVERSION = YES;
				CLANG_WARN_INFINITE_RECURSION = YES;
				CLANG_WARN_INT_CONVERSION = YES;
				CLANG_WARN_NON_LITERAL_NULL_CONVERSION = YES;
				CLANG_WARN_OBJC_IMPLICIT_RETAIN_SELF = YES;
				CLANG_WARN_OBJC_LITERAL_CONVERSION = YES;
				CLANG_WARN_OBJC_ROOT_CLASS = YES_ERROR;
				CLANG_WARN_QUOTED_INCLUDE_IN_FRAMEWORK_HEADER = YES;
				CLANG_WARN_RANGE_LOOP_ANALYSIS = YES;
				CLANG_WARN_STRICT_PROTOTYPES = YES;
				CLANG_WARN_SUSPICIOUS_MOVE = YES;
				CLANG_WARN_UNGUARDED_AVAILABILITY = YES_AGGRESSIVE;
				CLANG_WARN_UNREACHABLE_CODE = YES;
				CLANG_WARN__DUPLICATE_METHOD_MATCH = YES;
				COPY_PHASE_STRIP = NO;
				DEBUG_INFORMATION_FORMAT = dwarf;
				ENABLE_STRICT_OBJC_MSGSEND = YES;
				ENABLE_TESTABILITY = YES;
				GCC_C_LANGUAGE_STANDARD = gnu11;
				GCC_DYNAMIC_NO_PIC = NO;
				GCC_NO_COMMON_BLOCKS = YES;
				GCC_OPTIMIZATION_LEVEL = 0;
				GCC_PREPROCESSOR_DEFINITIONS = (
					"DEBUG=1",
					"$(inherited)",
				);
				GCC_WARN_64_TO_32_BIT_CONVERSION = YES;
				GCC_WARN_ABOUT_RETURN_TYPE = YES_ERROR;
				GCC_WARN_UNDECLARED_SELECTOR = YES;
				GCC_WARN_UNINITIALIZED_AUTOS = YES_AGGRESSIVE;
				GCC_WARN_UNUSED_FUNCTION = YES;
				GCC_WARN_UNUSED_VARIABLE = YES;
				MTL_ENABLE_DEBUG_INFO = INCLUDE_SOURCE;
				MTL_FAST_MATH = YES;
				ONLY_ACTIVE_ARCH = YES;
				SWIFT_ACTIVE_COMPILATION_CONDITIONS = DEBUG;
				SWIFT_OPTIMIZATION_LEVEL = "-Onone";
			};
			name = Debug;
		};
		5A69C5B629746718005E5F09 /* Release */ = {
			isa = XCBuildConfiguration;
			buildSettings = {
				ALWAYS_SEARCH_USER_PATHS = NO;
				CLANG_ANALYZER_NONNULL = YES;
				CLANG_ANALYZER_NUMBER_OBJECT_CONVERSION = YES_AGGRESSIVE;
				CLANG_CXX_LANGUAGE_STANDARD = "gnu++20";
				CLANG_ENABLE_MODULES = YES;
				CLANG_ENABLE_OBJC_ARC = YES;
				CLANG_ENABLE_OBJC_WEAK = YES;
				CLANG_WARN_BLOCK_CAPTURE_AUTORELEASING = YES;
				CLANG_WARN_BOOL_CONVERSION = YES;
				CLANG_WARN_COMMA = YES;
				CLANG_WARN_CONSTANT_CONVERSION = YES;
				CLANG_WARN_DEPRECATED_OBJC_IMPLEMENTATIONS = YES;
				CLANG_WARN_DIRECT_OBJC_ISA_USAGE = YES_ERROR;
				CLANG_WARN_DOCUMENTATION_COMMENTS = YES;
				CLANG_WARN_EMPTY_BODY = YES;
				CLANG_WARN_ENUM_CONVERSION = YES;
				CLANG_WARN_INFINITE_RECURSION = YES;
				CLANG_WARN_INT_CONVERSION = YES;
				CLANG_WARN_NON_LITERAL_NULL_CONVERSION = YES;
				CLANG_WARN_OBJC_IMPLICIT_RETAIN_SELF = YES;
				CLANG_WARN_OBJC_LITERAL_CONVERSION = YES;
				CLANG_WARN_OBJC_ROOT_CLASS = YES_ERROR;
				CLANG_WARN_QUOTED_INCLUDE_IN_FRAMEWORK_HEADER = YES;
				CLANG_WARN_RANGE_LOOP_ANALYSIS = YES;
				CLANG_WARN_STRICT_PROTOTYPES = YES;
				CLANG_WARN_SUSPICIOUS_MOVE = YES;
				CLANG_WARN_UNGUARDED_AVAILABILITY = YES_AGGRESSIVE;
				CLANG_WARN_UNREACHABLE_CODE = YES;
				CLANG_WARN__DUPLICATE_METHOD_MATCH = YES;
				COPY_PHASE_STRIP = NO;
				DEBUG_INFORMATION_FORMAT = "dwarf-with-dsym";
				ENABLE_NS_ASSERTIONS = NO;
				ENABLE_STRICT_OBJC_MSGSEND = YES;
				GCC_C_LANGUAGE_STANDARD = gnu11;
				GCC_NO_COMMON_BLOCKS = YES;
				GCC_WARN_64_TO_32_BIT_CONVERSION = YES;
				GCC_WARN_ABOUT_RETURN_TYPE = YES_ERROR;
				GCC_WARN_UNDECLARED_SELECTOR = YES;
				GCC_WARN_UNINITIALIZED_AUTOS = YES_AGGRESSIVE;
				GCC_WARN_UNUSED_FUNCTION = YES;
				GCC_WARN_UNUSED_VARIABLE = YES;
				MTL_ENABLE_DEBUG_INFO = NO;
				MTL_FAST_MATH = YES;
				SWIFT_COMPILATION_MODE = wholemodule;
				SWIFT_OPTIMIZATION_LEVEL = "-O";
			};
			name = Release;
		};
		5A69C5B829746718005E5F09 /* Debug */ = {
			isa = XCBuildConfiguration;
			buildSettings = {
				ASSETCATALOG_COMPILER_APPICON_NAME = AppIcon;
				ASSETCATALOG_COMPILER_GLOBAL_ACCENT_COLOR_NAME = AccentColor;
				CODE_SIGN_ENTITLEMENTS = CitySightsApp/CitySightsApp.entitlements;
				CODE_SIGN_STYLE = Automatic;
				CURRENT_PROJECT_VERSION = 1;
				DEVELOPMENT_ASSET_PATHS = "\"CitySightsApp/Preview Content\"";
				DEVELOPMENT_TEAM = G2S5NXG875;
				ENABLE_HARDENED_RUNTIME = YES;
				ENABLE_PREVIEWS = YES;
				GENERATE_INFOPLIST_FILE = YES;
				INFOPLIST_FILE = CitySightsApp/Info.plist;
				INFOPLIST_KEY_NSLocationWhenInUseUsageDescription = "Grant permission to find restuarants and sights near you.";
				"INFOPLIST_KEY_UIApplicationSceneManifest_Generation[sdk=iphoneos*]" = YES;
				"INFOPLIST_KEY_UIApplicationSceneManifest_Generation[sdk=iphonesimulator*]" = YES;
				"INFOPLIST_KEY_UIApplicationSupportsIndirectInputEvents[sdk=iphoneos*]" = YES;
				"INFOPLIST_KEY_UIApplicationSupportsIndirectInputEvents[sdk=iphonesimulator*]" = YES;
				"INFOPLIST_KEY_UILaunchScreen_Generation[sdk=iphoneos*]" = YES;
				"INFOPLIST_KEY_UILaunchScreen_Generation[sdk=iphonesimulator*]" = YES;
				"INFOPLIST_KEY_UIStatusBarStyle[sdk=iphoneos*]" = UIStatusBarStyleDefault;
				"INFOPLIST_KEY_UIStatusBarStyle[sdk=iphonesimulator*]" = UIStatusBarStyleDefault;
				INFOPLIST_KEY_UISupportedInterfaceOrientations_iPad = "UIInterfaceOrientationPortrait UIInterfaceOrientationPortraitUpsideDown UIInterfaceOrientationLandscapeLeft UIInterfaceOrientationLandscapeRight";
				INFOPLIST_KEY_UISupportedInterfaceOrientations_iPhone = "UIInterfaceOrientationPortrait UIInterfaceOrientationLandscapeLeft UIInterfaceOrientationLandscapeRight";
				IPHONEOS_DEPLOYMENT_TARGET = 16.2;
				LD_RUNPATH_SEARCH_PATHS = "@executable_path/Frameworks";
				"LD_RUNPATH_SEARCH_PATHS[sdk=macosx*]" = "@executable_path/../Frameworks";
				MACOSX_DEPLOYMENT_TARGET = 13.1;
				MARKETING_VERSION = 1.0;
				PRODUCT_BUNDLE_IDENTIFIER = test.CitySightsApp;
				PRODUCT_NAME = "$(TARGET_NAME)";
				SDKROOT = auto;
				SUPPORTED_PLATFORMS = "iphoneos iphonesimulator macosx";
				SWIFT_EMIT_LOC_STRINGS = YES;
				SWIFT_VERSION = 5.0;
				TARGETED_DEVICE_FAMILY = "1,2";
			};
			name = Debug;
		};
		5A69C5B929746718005E5F09 /* Release */ = {
			isa = XCBuildConfiguration;
			buildSettings = {
				ASSETCATALOG_COMPILER_APPICON_NAME = AppIcon;
				ASSETCATALOG_COMPILER_GLOBAL_ACCENT_COLOR_NAME = AccentColor;
				CODE_SIGN_ENTITLEMENTS = CitySightsApp/CitySightsApp.entitlements;
				CODE_SIGN_STYLE = Automatic;
				CURRENT_PROJECT_VERSION = 1;
				DEVELOPMENT_ASSET_PATHS = "\"CitySightsApp/Preview Content\"";
				DEVELOPMENT_TEAM = G2S5NXG875;
				ENABLE_HARDENED_RUNTIME = YES;
				ENABLE_PREVIEWS = YES;
				GENERATE_INFOPLIST_FILE = YES;
				INFOPLIST_FILE = CitySightsApp/Info.plist;
				INFOPLIST_KEY_NSLocationWhenInUseUsageDescription = "Grant permission to find restuarants and sights near you.";
				"INFOPLIST_KEY_UIApplicationSceneManifest_Generation[sdk=iphoneos*]" = YES;
				"INFOPLIST_KEY_UIApplicationSceneManifest_Generation[sdk=iphonesimulator*]" = YES;
				"INFOPLIST_KEY_UIApplicationSupportsIndirectInputEvents[sdk=iphoneos*]" = YES;
				"INFOPLIST_KEY_UIApplicationSupportsIndirectInputEvents[sdk=iphonesimulator*]" = YES;
				"INFOPLIST_KEY_UILaunchScreen_Generation[sdk=iphoneos*]" = YES;
				"INFOPLIST_KEY_UILaunchScreen_Generation[sdk=iphonesimulator*]" = YES;
				"INFOPLIST_KEY_UIStatusBarStyle[sdk=iphoneos*]" = UIStatusBarStyleDefault;
				"INFOPLIST_KEY_UIStatusBarStyle[sdk=iphonesimulator*]" = UIStatusBarStyleDefault;
				INFOPLIST_KEY_UISupportedInterfaceOrientations_iPad = "UIInterfaceOrientationPortrait UIInterfaceOrientationPortraitUpsideDown UIInterfaceOrientationLandscapeLeft UIInterfaceOrientationLandscapeRight";
				INFOPLIST_KEY_UISupportedInterfaceOrientations_iPhone = "UIInterfaceOrientationPortrait UIInterfaceOrientationLandscapeLeft UIInterfaceOrientationLandscapeRight";
				IPHONEOS_DEPLOYMENT_TARGET = 16.2;
				LD_RUNPATH_SEARCH_PATHS = "@executable_path/Frameworks";
				"LD_RUNPATH_SEARCH_PATHS[sdk=macosx*]" = "@executable_path/../Frameworks";
				MACOSX_DEPLOYMENT_TARGET = 13.1;
				MARKETING_VERSION = 1.0;
				PRODUCT_BUNDLE_IDENTIFIER = test.CitySightsApp;
				PRODUCT_NAME = "$(TARGET_NAME)";
				SDKROOT = auto;
				SUPPORTED_PLATFORMS = "iphoneos iphonesimulator macosx";
				SWIFT_EMIT_LOC_STRINGS = YES;
				SWIFT_VERSION = 5.0;
				TARGETED_DEVICE_FAMILY = "1,2";
			};
			name = Release;
		};
/* End XCBuildConfiguration section */

/* Begin XCConfigurationList section */
		5A69C5A329746716005E5F09 /* Build configuration list for PBXProject "CitySightsApp" */ = {
			isa = XCConfigurationList;
			buildConfigurations = (
				5A69C5B529746718005E5F09 /* Debug */,
				5A69C5B629746718005E5F09 /* Release */,
			);
			defaultConfigurationIsVisible = 0;
			defaultConfigurationName = Release;
		};
		5A69C5B729746718005E5F09 /* Build configuration list for PBXNativeTarget "CitySightsApp" */ = {
			isa = XCConfigurationList;
			buildConfigurations = (
				5A69C5B829746718005E5F09 /* Debug */,
				5A69C5B929746718005E5F09 /* Release */,
			);
			defaultConfigurationIsVisible = 0;
			defaultConfigurationName = Release;
		};
/* End XCConfigurationList section */
	};
	rootObject = 5A69C5A029746716005E5F09 /* Project object */;
}
